
Microsoft Visual Studio Solution File, Format Version 12.00
Project("{FAE04EC0-301F-11D3-BF4B-00C04F79EFBC}") = "INTEX1-4.API", "INTEX1-4.API\INTEX1-4.API.csproj", "{02E60CC6-BD0E-481D-85E3-F55E2689124A}"
EndProject
Global
	GlobalSection(SolutionConfigurationPlatforms) = preSolution
		Debug|Any CPU = Debug|Any CPU
		Release|Any CPU = Release|Any CPU
	EndGlobalSection
	GlobalSection(ProjectConfigurationPlatforms) = postSolution
		{02E60CC6-BD0E-481D-85E3-F55E2689124A}.Debug|Any CPU.ActiveCfg = Debug|Any CPU
		{02E60CC6-BD0E-481D-85E3-F55E2689124A}.Debug|Any CPU.Build.0 = Debug|Any CPU
		{02E60CC6-BD0E-481D-85E3-F55E2689124A}.Release|Any CPU.ActiveCfg = Release|Any CPU
		{02E60CC6-BD0E-481D-85E3-F55E2689124A}.Release|Any CPU.Build.0 = Release|Any CPU
	EndGlobalSection
EndGlobal
